
Microsoft Visual Studio Solution File, Format Version 12.00
# Visual Studio Version 17
VisualStudioVersion = 17.12.35521.163
MinimumVisualStudioVersion = 10.0.40219.1
Project("{2150E333-8FDC-42A3-9474-1A3956D46DE8}") = "1.INTERFACE ADAPTERS", "1.INTERFACE ADAPTERS", "{9B42D387-214D-482A-ABBD-CEBE98787EA3}"
EndProject
Project("{2150E333-8FDC-42A3-9474-1A3956D46DE8}") = "2.APPLICATION", "2.APPLICATION", "{F8B9EB0D-33F1-4918-80AA-E96A2983AC9C}"
EndProject
Project("{2150E333-8FDC-42A3-9474-1A3956D46DE8}") = "3.INFRASTRUCTURE", "3.INFRASTRUCTURE", "{496F7D3A-B174-41E8-8DC9-C8460C2BD013}"
EndProject
Project("{2150E333-8FDC-42A3-9474-1A3956D46DE8}") = "4.CORE", "4.CORE", "{0DB25751-B214-4C03-B742-9AC2ADB797EC}"
EndProject
Project("{FAE04EC0-301F-11D3-BF4B-00C04F79EFBC}") = "Core", "Core\Core.csproj", "{C664E424-C7AB-4C57-A500-EB9D11A6BE63}"
EndProject
Project("{FAE04EC0-301F-11D3-BF4B-00C04F79EFBC}") = "Domain", "Domain\Domain.csproj", "{618BB2B5-A3E3-406D-81EC-DA5858A67682}"
EndProject
Project("{FAE04EC0-301F-11D3-BF4B-00C04F79EFBC}") = "Infrastructure", "Infrastructure\Infrastructure.csproj", "{FC7CC3DC-4421-433F-84B2-0B0EEB0E92DF}"
EndProject
Project("{FAE04EC0-301F-11D3-BF4B-00C04F79EFBC}") = "Application.Contract", "Application.Contract\Application.Contract.csproj", "{0A98EC87-6293-4B6F-964F-2C8D352CE053}"
EndProject
Project("{FAE04EC0-301F-11D3-BF4B-00C04F79EFBC}") = "Application", "Application\Application.csproj", "{5089E9D4-5C20-4F2A-B23B-D6FBE4ED5858}"
EndProject
Project("{FAE04EC0-301F-11D3-BF4B-00C04F79EFBC}") = "API", "API\API.csproj", "{524B279A-4394-4A5D-933A-98BE879E35AB}"
EndProject
Global
	GlobalSection(SolutionConfigurationPlatforms) = preSolution
		Debug|Any CPU = Debug|Any CPU
		Release|Any CPU = Release|Any CPU
	EndGlobalSection
	GlobalSection(ProjectConfigurationPlatforms) = postSolution
		{C664E424-C7AB-4C57-A500-EB9D11A6BE63}.Debug|Any CPU.ActiveCfg = Debug|Any CPU
		{C664E424-C7AB-4C57-A500-EB9D11A6BE63}.Debug|Any CPU.Build.0 = Debug|Any CPU
		{C664E424-C7AB-4C57-A500-EB9D11A6BE63}.Release|Any CPU.ActiveCfg = Release|Any CPU
		{C664E424-C7AB-4C57-A500-EB9D11A6BE63}.Release|Any CPU.Build.0 = Release|Any CPU
		{618BB2B5-A3E3-406D-81EC-DA5858A67682}.Debug|Any CPU.ActiveCfg = Debug|Any CPU
		{618BB2B5-A3E3-406D-81EC-DA5858A67682}.Debug|Any CPU.Build.0 = Debug|Any CPU
		{618BB2B5-A3E3-406D-81EC-DA5858A67682}.Release|Any CPU.ActiveCfg = Release|Any CPU
		{618BB2B5-A3E3-406D-81EC-DA5858A67682}.Release|Any CPU.Build.0 = Release|Any CPU
		{FC7CC3DC-4421-433F-84B2-0B0EEB0E92DF}.Debug|Any CPU.ActiveCfg = Debug|Any CPU
		{FC7CC3DC-4421-433F-84B2-0B0EEB0E92DF}.Debug|Any CPU.Build.0 = Debug|Any CPU
		{FC7CC3DC-4421-433F-84B2-0B0EEB0E92DF}.Release|Any CPU.ActiveCfg = Release|Any CPU
		{FC7CC3DC-4421-433F-84B2-0B0EEB0E92DF}.Release|Any CPU.Build.0 = Release|Any CPU
		{0A98EC87-6293-4B6F-964F-2C8D352CE053}.Debug|Any CPU.ActiveCfg = Debug|Any CPU
		{0A98EC87-6293-4B6F-964F-2C8D352CE053}.Debug|Any CPU.Build.0 = Debug|Any CPU
		{0A98EC87-6293-4B6F-964F-2C8D352CE053}.Release|Any CPU.ActiveCfg = Release|Any CPU
		{0A98EC87-6293-4B6F-964F-2C8D352CE053}.Release|Any CPU.Build.0 = Release|Any CPU
		{5089E9D4-5C20-4F2A-B23B-D6FBE4ED5858}.Debug|Any CPU.ActiveCfg = Debug|Any CPU
		{5089E9D4-5C20-4F2A-B23B-D6FBE4ED5858}.Debug|Any CPU.Build.0 = Debug|Any CPU
		{5089E9D4-5C20-4F2A-B23B-D6FBE4ED5858}.Release|Any CPU.ActiveCfg = Release|Any CPU
		{5089E9D4-5C20-4F2A-B23B-D6FBE4ED5858}.Release|Any CPU.Build.0 = Release|Any CPU
		{524B279A-4394-4A5D-933A-98BE879E35AB}.Debug|Any CPU.ActiveCfg = Debug|Any CPU
		{524B279A-4394-4A5D-933A-98BE879E35AB}.Debug|Any CPU.Build.0 = Debug|Any CPU
		{524B279A-4394-4A5D-933A-98BE879E35AB}.Release|Any CPU.ActiveCfg = Release|Any CPU
		{524B279A-4394-4A5D-933A-98BE879E35AB}.Release|Any CPU.Build.0 = Release|Any CPU
	EndGlobalSection
	GlobalSection(SolutionProperties) = preSolution
		HideSolutionNode = FALSE
	EndGlobalSection
	GlobalSection(NestedProjects) = preSolution
		{C664E424-C7AB-4C57-A500-EB9D11A6BE63} = {0DB25751-B214-4C03-B742-9AC2ADB797EC}
		{618BB2B5-A3E3-406D-81EC-DA5858A67682} = {0DB25751-B214-4C03-B742-9AC2ADB797EC}
		{FC7CC3DC-4421-433F-84B2-0B0EEB0E92DF} = {496F7D3A-B174-41E8-8DC9-C8460C2BD013}
		{0A98EC87-6293-4B6F-964F-2C8D352CE053} = {F8B9EB0D-33F1-4918-80AA-E96A2983AC9C}
		{5089E9D4-5C20-4F2A-B23B-D6FBE4ED5858} = {F8B9EB0D-33F1-4918-80AA-E96A2983AC9C}
		{524B279A-4394-4A5D-933A-98BE879E35AB} = {9B42D387-214D-482A-ABBD-CEBE98787EA3}
	EndGlobalSection
	GlobalSection(ExtensibilityGlobals) = postSolution
		SolutionGuid = {1F75BA16-FE55-4A7D-9429-8F159F41697B}
	EndGlobalSection
EndGlobal
